
Microsoft Visual Studio Solution File, Format Version 12.00
# Visual Studio Version 17
VisualStudioVersion = 17.0.31903.59
MinimumVisualStudioVersion = 10.0.40219.1
Project("{2150E333-8FDC-42A3-9474-1A3956D46DE8}") = "src", "src", "{0AAF3D5D-6590-4713-9B01-8DCD7606D335}"
EndProject
Project("{FAE04EC0-301F-11D3-BF4B-00C04F79EFBC}") = "AuctionService", "src\AuctionService\AuctionService.csproj", "{BC1D9CCB-4F4B-477A-97C5-EF27F1BE1FE3}"
EndProject
Project("{FAE04EC0-301F-11D3-BF4B-00C04F79EFBC}") = "SearchService", "src\SearchService\SearchService.csproj", "{C989564D-031C-45D9-8D91-D2D1C349586E}"
EndProject
Project("{FAE04EC0-301F-11D3-BF4B-00C04F79EFBC}") = "Contracts", "src\Contracts\Contracts.csproj", "{7084958A-473B-4760-8A58-8586B9951015}"
EndProject
Project("{FAE04EC0-301F-11D3-BF4B-00C04F79EFBC}") = "IdentityService", "src\IdentityService\IdentityService.csproj", "{ED4833E8-3FCD-460F-8901-A7D6A32768C8}"
EndProject
Project("{FAE04EC0-301F-11D3-BF4B-00C04F79EFBC}") = "GatewayService", "src\GatewayService\GatewayService.csproj", "{201D09E6-D9DC-4DCB-A03A-8F02127477BA}"
EndProject
Project("{FAE04EC0-301F-11D3-BF4B-00C04F79EFBC}") = "BiddingService", "src\BiddingService\BiddingService.csproj", "{5DD4A1E3-DDD4-444A-9646-CEC099813546}"
EndProject
Project("{FAE04EC0-301F-11D3-BF4B-00C04F79EFBC}") = "NotificationService", "src\NotificationService\NotificationService.csproj", "{B03D93B5-79DE-4EA5-81AB-189C7D3249E6}"
EndProject
Global
	GlobalSection(SolutionConfigurationPlatforms) = preSolution
		Debug|Any CPU = Debug|Any CPU
		Release|Any CPU = Release|Any CPU
	EndGlobalSection
	GlobalSection(SolutionProperties) = preSolution
		HideSolutionNode = FALSE
	EndGlobalSection
	GlobalSection(ProjectConfigurationPlatforms) = postSolution
		{BC1D9CCB-4F4B-477A-97C5-EF27F1BE1FE3}.Debug|Any CPU.ActiveCfg = Debug|Any CPU
		{BC1D9CCB-4F4B-477A-97C5-EF27F1BE1FE3}.Debug|Any CPU.Build.0 = Debug|Any CPU
		{BC1D9CCB-4F4B-477A-97C5-EF27F1BE1FE3}.Release|Any CPU.ActiveCfg = Release|Any CPU
		{BC1D9CCB-4F4B-477A-97C5-EF27F1BE1FE3}.Release|Any CPU.Build.0 = Release|Any CPU
		{C989564D-031C-45D9-8D91-D2D1C349586E}.Debug|Any CPU.ActiveCfg = Debug|Any CPU
		{C989564D-031C-45D9-8D91-D2D1C349586E}.Debug|Any CPU.Build.0 = Debug|Any CPU
		{C989564D-031C-45D9-8D91-D2D1C349586E}.Release|Any CPU.ActiveCfg = Release|Any CPU
		{C989564D-031C-45D9-8D91-D2D1C349586E}.Release|Any CPU.Build.0 = Release|Any CPU
		{7084958A-473B-4760-8A58-8586B9951015}.Debug|Any CPU.ActiveCfg = Debug|Any CPU
		{7084958A-473B-4760-8A58-8586B9951015}.Debug|Any CPU.Build.0 = Debug|Any CPU
		{7084958A-473B-4760-8A58-8586B9951015}.Release|Any CPU.ActiveCfg = Release|Any CPU
		{7084958A-473B-4760-8A58-8586B9951015}.Release|Any CPU.Build.0 = Release|Any CPU
		{ED4833E8-3FCD-460F-8901-A7D6A32768C8}.Debug|Any CPU.ActiveCfg = Debug|Any CPU
		{ED4833E8-3FCD-460F-8901-A7D6A32768C8}.Debug|Any CPU.Build.0 = Debug|Any CPU
		{ED4833E8-3FCD-460F-8901-A7D6A32768C8}.Release|Any CPU.ActiveCfg = Release|Any CPU
		{ED4833E8-3FCD-460F-8901-A7D6A32768C8}.Release|Any CPU.Build.0 = Release|Any CPU
		{201D09E6-D9DC-4DCB-A03A-8F02127477BA}.Debug|Any CPU.ActiveCfg = Debug|Any CPU
		{201D09E6-D9DC-4DCB-A03A-8F02127477BA}.Debug|Any CPU.Build.0 = Debug|Any CPU
		{201D09E6-D9DC-4DCB-A03A-8F02127477BA}.Release|Any CPU.ActiveCfg = Release|Any CPU
		{201D09E6-D9DC-4DCB-A03A-8F02127477BA}.Release|Any CPU.Build.0 = Release|Any CPU
		{5DD4A1E3-DDD4-444A-9646-CEC099813546}.Debug|Any CPU.ActiveCfg = Debug|Any CPU
		{5DD4A1E3-DDD4-444A-9646-CEC099813546}.Debug|Any CPU.Build.0 = Debug|Any CPU
		{5DD4A1E3-DDD4-444A-9646-CEC099813546}.Release|Any CPU.ActiveCfg = Release|Any CPU
		{5DD4A1E3-DDD4-444A-9646-CEC099813546}.Release|Any CPU.Build.0 = Release|Any CPU
		{B03D93B5-79DE-4EA5-81AB-189C7D3249E6}.Debug|Any CPU.ActiveCfg = Debug|Any CPU
		{B03D93B5-79DE-4EA5-81AB-189C7D3249E6}.Debug|Any CPU.Build.0 = Debug|Any CPU
		{B03D93B5-79DE-4EA5-81AB-189C7D3249E6}.Release|Any CPU.ActiveCfg = Release|Any CPU
		{B03D93B5-79DE-4EA5-81AB-189C7D3249E6}.Release|Any CPU.Build.0 = Release|Any CPU
	EndGlobalSection
	GlobalSection(NestedProjects) = preSolution
		{BC1D9CCB-4F4B-477A-97C5-EF27F1BE1FE3} = {0AAF3D5D-6590-4713-9B01-8DCD7606D335}
		{C989564D-031C-45D9-8D91-D2D1C349586E} = {0AAF3D5D-6590-4713-9B01-8DCD7606D335}
		{7084958A-473B-4760-8A58-8586B9951015} = {0AAF3D5D-6590-4713-9B01-8DCD7606D335}
		{ED4833E8-3FCD-460F-8901-A7D6A32768C8} = {0AAF3D5D-6590-4713-9B01-8DCD7606D335}
		{201D09E6-D9DC-4DCB-A03A-8F02127477BA} = {0AAF3D5D-6590-4713-9B01-8DCD7606D335}
		{5DD4A1E3-DDD4-444A-9646-CEC099813546} = {0AAF3D5D-6590-4713-9B01-8DCD7606D335}
		{B03D93B5-79DE-4EA5-81AB-189C7D3249E6} = {0AAF3D5D-6590-4713-9B01-8DCD7606D335}
	EndGlobalSection
EndGlobal
